// !$*UTF8*$!
{
	archiveVersion = 1;
	classes = {
	};
	objectVersion = 46;
	objects = {

/* Begin PBXBuildFile section */
		561D720D1DC6DF6F00380CD6 /* main.m in Sources */ = {isa = PBXBuildFile; fileRef = 561D720C1DC6DF6F00380CD6 /* main.m */; };
		561D72101DC6DF6F00380CD6 /* AppDelegate.m in Sources */ = {isa = PBXBuildFile; fileRef = 561D720F1DC6DF6F00380CD6 /* AppDelegate.m */; };
		561D72131DC6DF6F00380CD6 /* ViewController.m in Sources */ = {isa = PBXBuildFile; fileRef = 561D72121DC6DF6F00380CD6 /* ViewController.m */; };
		561D72161DC6DF6F00380CD6 /* Main.storyboard in Resources */ = {isa = PBXBuildFile; fileRef = 561D72141DC6DF6F00380CD6 /* Main.storyboard */; };
		561D72181DC6DF6F00380CD6 /* Assets.xcassets in Resources */ = {isa = PBXBuildFile; fileRef = 561D72171DC6DF6F00380CD6 /* Assets.xcassets */; };
		561D721B1DC6DF6F00380CD6 /* LaunchScreen.storyboard in Resources */ = {isa = PBXBuildFile; fileRef = 561D72191DC6DF6F00380CD6 /* LaunchScreen.storyboard */; };
		561D72261DC6DF6F00380CD6 /* iOS_RunTime__Tests.m in Sources */ = {isa = PBXBuildFile; fileRef = 561D72251DC6DF6F00380CD6 /* iOS_RunTime__Tests.m */; };
		561D72311DC6DF6F00380CD6 /* iOS_RunTime__UITests.m in Sources */ = {isa = PBXBuildFile; fileRef = 561D72301DC6DF6F00380CD6 /* iOS_RunTime__UITests.m */; };
		561D72401DC6EB3600380CD6 /* UIViewController+Custome.m in Sources */ = {isa = PBXBuildFile; fileRef = 561D723F1DC6EB3600380CD6 /* UIViewController+Custome.m */; };
/* End PBXBuildFile section */

/* Begin PBXContainerItemProxy section */
		561D72221DC6DF6F00380CD6 /* PBXContainerItemProxy */ = {
			isa = PBXContainerItemProxy;
			containerPortal = 561D72001DC6DF6F00380CD6 /* Project object */;
			proxyType = 1;
			remoteGlobalIDString = 561D72071DC6DF6F00380CD6;
			remoteInfo = "iOS RunTime解析";
		};
		561D722D1DC6DF6F00380CD6 /* PBXContainerItemProxy */ = {
			isa = PBXContainerItemProxy;
			containerPortal = 561D72001DC6DF6F00380CD6 /* Project object */;
			proxyType = 1;
			remoteGlobalIDString = 561D72071DC6DF6F00380CD6;
			remoteInfo = "iOS RunTime解析";
		};
/* End PBXContainerItemProxy section */

/* Begin PBXFileReference section */
		561D72081DC6DF6F00380CD6 /* iOS RunTime解析.app */ = {isa = PBXFileReference; explicitFileType = wrapper.application; includeInIndex = 0; path = "iOS RunTime解析.app"; sourceTree = BUILT_PRODUCTS_DIR; };
		561D720C1DC6DF6F00380CD6 /* main.m */ = {isa = PBXFileReference; lastKnownFileType = sourcecode.c.objc; path = main.m; sourceTree = "<group>"; };
		561D720E1DC6DF6F00380CD6 /* AppDelegate.h */ = {isa = PBXFileReference; lastKnownFileType = sourcecode.c.h; path = AppDelegate.h; sourceTree = "<group>"; };
		561D720F1DC6DF6F00380CD6 /* AppDelegate.m */ = {isa = PBXFileReference; lastKnownFileType = sourcecode.c.objc; path = AppDelegate.m; sourceTree = "<group>"; };
		561D72111DC6DF6F00380CD6 /* ViewController.h */ = {isa = PBXFileReference; lastKnownFileType = sourcecode.c.h; path = ViewController.h; sourceTree = "<group>"; };
		561D72121DC6DF6F00380CD6 /* ViewController.m */ = {isa = PBXFileReference; lastKnownFileType = sourcecode.c.objc; path = ViewController.m; sourceTree = "<group>"; };
		561D72151DC6DF6F00380CD6 /* Base */ = {isa = PBXFileReference; lastKnownFileType = file.storyboard; name = Base; path = Base.lproj/Main.storyboard; sourceTree = "<group>"; };
		561D72171DC6DF6F00380CD6 /* Assets.xcassets */ = {isa = PBXFileReference; lastKnownFileType = folder.assetcatalog; path = Assets.xcassets; sourceTree = "<group>"; };
		561D721A1DC6DF6F00380CD6 /* Base */ = {isa = PBXFileReference; lastKnownFileType = file.storyboard; name = Base; path = Base.lproj/LaunchScreen.storyboard; sourceTree = "<group>"; };
		561D721C1DC6DF6F00380CD6 /* Info.plist */ = {isa = PBXFileReference; lastKnownFileType = text.plist.xml; path = Info.plist; sourceTree = "<group>"; };
		561D72211DC6DF6F00380CD6 /* iOS RunTime解析Tests.xctest */ = {isa = PBXFileReference; explicitFileType = wrapper.cfbundle; includeInIndex = 0; path = "iOS RunTime解析Tests.xctest"; sourceTree = BUILT_PRODUCTS_DIR; };
		561D72251DC6DF6F00380CD6 /* iOS_RunTime__Tests.m */ = {isa = PBXFileReference; lastKnownFileType = sourcecode.c.objc; path = iOS_RunTime__Tests.m; sourceTree = "<group>"; };
		561D72271DC6DF6F00380CD6 /* Info.plist */ = {isa = PBXFileReference; lastKnownFileType = text.plist.xml; path = Info.plist; sourceTree = "<group>"; };
		561D722C1DC6DF6F00380CD6 /* iOS RunTime解析UITests.xctest */ = {isa = PBXFileReference; explicitFileType = wrapper.cfbundle; includeInIndex = 0; path = "iOS RunTime解析UITests.xctest"; sourceTree = BUILT_PRODUCTS_DIR; };
		561D72301DC6DF6F00380CD6 /* iOS_RunTime__UITests.m */ = {isa = PBXFileReference; lastKnownFileType = sourcecode.c.objc; path = iOS_RunTime__UITests.m; sourceTree = "<group>"; };
		561D72321DC6DF6F00380CD6 /* Info.plist */ = {isa = PBXFileReference; lastKnownFileType = text.plist.xml; path = Info.plist; sourceTree = "<group>"; };
		561D723E1DC6EB3600380CD6 /* UIViewController+Custome.h */ = {isa = PBXFileReference; fileEncoding = 4; lastKnownFileType = sourcecode.c.h; path = "UIViewController+Custome.h"; sourceTree = "<group>"; };
		561D723F1DC6EB3600380CD6 /* UIViewController+Custome.m */ = {isa = PBXFileReference; fileEncoding = 4; lastKnownFileType = sourcecode.c.objc; path = "UIViewController+Custome.m"; sourceTree = "<group>"; };
/* End PBXFileReference section */

/* Begin PBXFrameworksBuildPhase section */
		561D72051DC6DF6F00380CD6 /* Frameworks */ = {
			isa = PBXFrameworksBuildPhase;
			buildActionMask = 2147483647;
			files = (
			);
			runOnlyForDeploymentPostprocessing = 0;
		};
		561D721E1DC6DF6F00380CD6 /* Frameworks */ = {
			isa = PBXFrameworksBuildPhase;
			buildActionMask = 2147483647;
			files = (
			);
			runOnlyForDeploymentPostprocessing = 0;
		};
		561D72291DC6DF6F00380CD6 /* Frameworks */ = {
			isa = PBXFrameworksBuildPhase;
			buildActionMask = 2147483647;
			files = (
			);
			runOnlyForDeploymentPostprocessing = 0;
		};
/* End PBXFrameworksBuildPhase section */

/* Begin PBXGroup section */
		561D71FF1DC6DF6F00380CD6 = {
			isa = PBXGroup;
			children = (
				561D720A1DC6DF6F00380CD6 /* iOS RunTime解析 */,
				561D72241DC6DF6F00380CD6 /* iOS RunTime解析Tests */,
				561D722F1DC6DF6F00380CD6 /* iOS RunTime解析UITests */,
				561D72091DC6DF6F00380CD6 /* Products */,
			);
			sourceTree = "<group>";
		};
		561D72091DC6DF6F00380CD6 /* Products */ = {
			isa = PBXGroup;
			children = (
				561D72081DC6DF6F00380CD6 /* iOS RunTime解析.app */,
				561D72211DC6DF6F00380CD6 /* iOS RunTime解析Tests.xctest */,
				561D722C1DC6DF6F00380CD6 /* iOS RunTime解析UITests.xctest */,
			);
			name = Products;
			sourceTree = "<group>";
		};
		561D720A1DC6DF6F00380CD6 /* iOS RunTime解析 */ = {
			isa = PBXGroup;
			children = (
				561D720E1DC6DF6F00380CD6 /* AppDelegate.h */,
				561D720F1DC6DF6F00380CD6 /* AppDelegate.m */,
				561D72111DC6DF6F00380CD6 /* ViewController.h */,
				561D72121DC6DF6F00380CD6 /* ViewController.m */,
				561D72141DC6DF6F00380CD6 /* Main.storyboard */,
				561D72171DC6DF6F00380CD6 /* Assets.xcassets */,
				561D72191DC6DF6F00380CD6 /* LaunchScreen.storyboard */,
				561D721C1DC6DF6F00380CD6 /* Info.plist */,
				561D720B1DC6DF6F00380CD6 /* Supporting Files */,
				561D723E1DC6EB3600380CD6 /* UIViewController+Custome.h */,
				561D723F1DC6EB3600380CD6 /* UIViewController+Custome.m */,
			);
			path = "iOS RunTime解析";
			sourceTree = "<group>";
		};
		561D720B1DC6DF6F00380CD6 /* Supporting Files */ = {
			isa = PBXGroup;
			children = (
				561D720C1DC6DF6F00380CD6 /* main.m */,
			);
			name = "Supporting Files";
			sourceTree = "<group>";
		};
		561D72241DC6DF6F00380CD6 /* iOS RunTime解析Tests */ = {
			isa = PBXGroup;
			children = (
				561D72251DC6DF6F00380CD6 /* iOS_RunTime__Tests.m */,
				561D72271DC6DF6F00380CD6 /* Info.plist */,
			);
			path = "iOS RunTime解析Tests";
			sourceTree = "<group>";
		};
		561D722F1DC6DF6F00380CD6 /* iOS RunTime解析UITests */ = {
			isa = PBXGroup;
			children = (
				561D72301DC6DF6F00380CD6 /* iOS_RunTime__UITests.m */,
				561D72321DC6DF6F00380CD6 /* Info.plist */,
			);
			path = "iOS RunTime解析UITests";
			sourceTree = "<group>";
		};
/* End PBXGroup section */

/* Begin PBXNativeTarget section */
		561D72071DC6DF6F00380CD6 /* iOS RunTime解析 */ = {
			isa = PBXNativeTarget;
			buildConfigurationList = 561D72351DC6DF6F00380CD6 /* Build configuration list for PBXNativeTarget "iOS RunTime解析" */;
			buildPhases = (
				561D72041DC6DF6F00380CD6 /* Sources */,
				561D72051DC6DF6F00380CD6 /* Frameworks */,
				561D72061DC6DF6F00380CD6 /* Resources */,
			);
			buildRules = (
			);
			dependencies = (
			);
			name = "iOS RunTime解析";
			productName = "iOS RunTime解析";
			productReference = 561D72081DC6DF6F00380CD6 /* iOS RunTime解析.app */;
			productType = "com.apple.product-type.application";
		};
		561D72201DC6DF6F00380CD6 /* iOS RunTime解析Tests */ = {
			isa = PBXNativeTarget;
			buildConfigurationList = 561D72381DC6DF6F00380CD6 /* Build configuration list for PBXNativeTarget "iOS RunTime解析Tests" */;
			buildPhases = (
				561D721D1DC6DF6F00380CD6 /* Sources */,
				561D721E1DC6DF6F00380CD6 /* Frameworks */,
				561D721F1DC6DF6F00380CD6 /* Resources */,
			);
			buildRules = (
			);
			dependencies = (
				561D72231DC6DF6F00380CD6 /* PBXTargetDependency */,
			);
			name = "iOS RunTime解析Tests";
			productName = "iOS RunTime解析Tests";
			productReference = 561D72211DC6DF6F00380CD6 /* iOS RunTime解析Tests.xctest */;
			productType = "com.apple.product-type.bundle.unit-test";
		};
		561D722B1DC6DF6F00380CD6 /* iOS RunTime解析UITests */ = {
			isa = PBXNativeTarget;
			buildConfigurationList = 561D723B1DC6DF6F00380CD6 /* Build configuration list for PBXNativeTarget "iOS RunTime解析UITests" */;
			buildPhases = (
				561D72281DC6DF6F00380CD6 /* Sources */,
				561D72291DC6DF6F00380CD6 /* Frameworks */,
				561D722A1DC6DF6F00380CD6 /* Resources */,
			);
			buildRules = (
			);
			dependencies = (
				561D722E1DC6DF6F00380CD6 /* PBXTargetDependency */,
			);
			name = "iOS RunTime解析UITests";
			productName = "iOS RunTime解析UITests";
			productReference = 561D722C1DC6DF6F00380CD6 /* iOS RunTime解析UITests.xctest */;
			productType = "com.apple.product-type.bundle.ui-testing";
		};
/* End PBXNativeTarget section */

/* Begin PBXProject section */
		561D72001DC6DF6F00380CD6 /* Project object */ = {
			isa = PBXProject;
			attributes = {
				LastUpgradeCheck = 0810;
				ORGANIZATIONNAME = "羊谦";
				TargetAttributes = {
					561D72071DC6DF6F00380CD6 = {
						CreatedOnToolsVersion = 8.1;
						DevelopmentTeam = 46FJ5HKR96;
						ProvisioningStyle = Automatic;
					};
					561D72201DC6DF6F00380CD6 = {
						CreatedOnToolsVersion = 8.1;
						DevelopmentTeam = 46FJ5HKR96;
						ProvisioningStyle = Automatic;
						TestTargetID = 561D72071DC6DF6F00380CD6;
					};
					561D722B1DC6DF6F00380CD6 = {
						CreatedOnToolsVersion = 8.1;
						DevelopmentTeam = 46FJ5HKR96;
						ProvisioningStyle = Automatic;
						TestTargetID = 561D72071DC6DF6F00380CD6;
					};
				};
			};
			buildConfigurationList = 561D72031DC6DF6F00380CD6 /* Build configuration list for PBXProject "iOS RunTime解析" */;
			compatibilityVersion = "Xcode 3.2";
			developmentRegion = English;
			hasScannedForEncodings = 0;
			knownRegions = (
				en,
				Base,
			);
			mainGroup = 561D71FF1DC6DF6F00380CD6;
			productRefGroup = 561D72091DC6DF6F00380CD6 /* Products */;
			projectDirPath = "";
			projectRoot = "";
			targets = (
				561D72071DC6DF6F00380CD6 /* iOS RunTime解析 */,
				561D72201DC6DF6F00380CD6 /* iOS RunTime解析Tests */,
				561D722B1DC6DF6F00380CD6 /* iOS RunTime解析UITests */,
			);
		};
/* End PBXProject section */

/* Begin PBXResourcesBuildPhase section */
		561D72061DC6DF6F00380CD6 /* Resources */ = {
			isa = PBXResourcesBuildPhase;
			buildActionMask = 2147483647;
			files = (
				561D721B1DC6DF6F00380CD6 /* LaunchScreen.storyboard in Resources */,
				561D72181DC6DF6F00380CD6 /* Assets.xcassets in Resources */,
				561D72161DC6DF6F00380CD6 /* Main.storyboard in Resources */,
			);
			runOnlyForDeploymentPostprocessing = 0;
		};
		561D721F1DC6DF6F00380CD6 /* Resources */ = {
			isa = PBXResourcesBuildPhase;
			buildActionMask = 2147483647;
			files = (
			);
			runOnlyForDeploymentPostprocessing = 0;
		};
		561D722A1DC6DF6F00380CD6 /* Resources */ = {
			isa = PBXResourcesBuildPhase;
			buildActionMask = 2147483647;
			files = (
			);
			runOnlyForDeploymentPostprocessing = 0;
		};
/* End PBXResourcesBuildPhase section */

/* Begin PBXSourcesBuildPhase section */
		561D72041DC6DF6F00380CD6 /* Sources */ = {
			isa = PBXSourcesBuildPhase;
			buildActionMask = 2147483647;
			files = (
				561D72131DC6DF6F00380CD6 /* ViewController.m in Sources */,
				561D72401DC6EB3600380CD6 /* UIViewController+Custome.m in Sources */,
				561D72101DC6DF6F00380CD6 /* AppDelegate.m in Sources */,
				561D720D1DC6DF6F00380CD6 /* main.m in Sources */,
			);
			runOnlyForDeploymentPostprocessing = 0;
		};
		561D721D1DC6DF6F00380CD6 /* Sources */ = {
			isa = PBXSourcesBuildPhase;
			buildActionMask = 2147483647;
			files = (
				561D72261DC6DF6F00380CD6 /* iOS_RunTime__Tests.m in Sources */,
			);
			runOnlyForDeploymentPostprocessing = 0;
		};
		561D72281DC6DF6F00380CD6 /* Sources */ = {
			isa = PBXSourcesBuildPhase;
			buildActionMask = 2147483647;
			files = (
				561D72311DC6DF6F00380CD6 /* iOS_RunTime__UITests.m in Sources */,
			);
			runOnlyForDeploymentPostprocessing = 0;
		};
/* End PBXSourcesBuildPhase section */

/* Begin PBXTargetDependency section */
		561D72231DC6DF6F00380CD6 /* PBXTargetDependency */ = {
			isa = PBXTargetDependency;
			target = 561D72071DC6DF6F00380CD6 /* iOS RunTime解析 */;
			targetProxy = 561D72221DC6DF6F00380CD6 /* PBXContainerItemProxy */;
		};
		561D722E1DC6DF6F00380CD6 /* PBXTargetDependency */ = {
			isa = PBXTargetDependency;
			target = 561D72071DC6DF6F00380CD6 /* iOS RunTime解析 */;
			targetProxy = 561D722D1DC6DF6F00380CD6 /* PBXContainerItemProxy */;
		};
/* End PBXTargetDependency section */

/* Begin PBXVariantGroup section */
		561D72141DC6DF6F00380CD6 /* Main.storyboard */ = {
			isa = PBXVariantGroup;
			children = (
				561D72151DC6DF6F00380CD6 /* Base */,
			);
			name = Main.storyboard;
			sourceTree = "<group>";
		};
		561D72191DC6DF6F00380CD6 /* LaunchScreen.storyboard */ = {
			isa = PBXVariantGroup;
			children = (
				561D721A1DC6DF6F00380CD6 /* Base */,
			);
			name = LaunchScreen.storyboard;
			sourceTree = "<group>";
		};
/* End PBXVariantGroup section */

/* Begin XCBuildConfiguration section */
		561D72331DC6DF6F00380CD6 /* Debug */ = {
			isa = XCBuildConfiguration;
			buildSettings = {
				ALWAYS_SEARCH_USER_PATHS = NO;
				CLANG_ANALYZER_NONNULL = YES;
				CLANG_CXX_LANGUAGE_STANDARD = "gnu++0x";
				CLANG_CXX_LIBRARY = "libc++";
				CLANG_ENABLE_MODULES = YES;
				CLANG_ENABLE_OBJC_ARC = YES;
				CLANG_WARN_BOOL_CONVERSION = YES;
				CLANG_WARN_CONSTANT_CONVERSION = YES;
				CLANG_WARN_DIRECT_OBJC_ISA_USAGE = YES_ERROR;
				CLANG_WARN_DOCUMENTATION_COMMENTS = YES;
				CLANG_WARN_EMPTY_BODY = YES;
				CLANG_WARN_ENUM_CONVERSION = YES;
				CLANG_WARN_INFINITE_RECURSION = YES;
				CLANG_WARN_INT_CONVERSION = YES;
				CLANG_WARN_OBJC_ROOT_CLASS = YES_ERROR;
				CLANG_WARN_SUSPICIOUS_MOVES = YES;
				CLANG_WARN_UNREACHABLE_CODE = YES;
				CLANG_WARN__DUPLICATE_METHOD_MATCH = YES;
				"CODE_SIGN_IDENTITY[sdk=iphoneos*]" = "iPhone Developer";
				COPY_PHASE_STRIP = NO;
				DEBUG_INFORMATION_FORMAT = dwarf;
				ENABLE_STRICT_OBJC_MSGSEND = YES;
				ENABLE_TESTABILITY = YES;
				GCC_C_LANGUAGE_STANDARD = gnu99;
				GCC_DYNAMIC_NO_PIC = NO;
				GCC_NO_COMMON_BLOCKS = YES;
				GCC_OPTIMIZATION_LEVEL = 0;
				GCC_PREPROCESSOR_DEFINITIONS = (
					"DEBUG=1",
					"$(inherited)",
				);
				GCC_WARN_64_TO_32_BIT_CONVERSION = YES;
				GCC_WARN_ABOUT_RETURN_TYPE = YES_ERROR;
				GCC_WARN_UNDECLARED_SELECTOR = YES;
				GCC_WARN_UNINITIALIZED_AUTOS = YES_AGGRESSIVE;
				GCC_WARN_UNUSED_FUNCTION = YES;
				GCC_WARN_UNUSED_VARIABLE = YES;
				IPHONEOS_DEPLOYMENT_TARGET = 10.1;
				MTL_ENABLE_DEBUG_INFO = YES;
				ONLY_ACTIVE_ARCH = YES;
				SDKROOT = iphoneos;
				TARGETED_DEVICE_FAMILY = "1,2";
			};
			name = Debug;
		};
		561D72341DC6DF6F00380CD6 /* Release */ = {
			isa = XCBuildConfiguration;
			buildSettings = {
				ALWAYS_SEARCH_USER_PATHS = NO;
				CLANG_ANALYZER_NONNULL = YES;
				CLANG_CXX_LANGUAGE_STANDARD = "gnu++0x";
				CLANG_CXX_LIBRARY = "libc++";
				CLANG_ENABLE_MODULES = YES;
				CLANG_ENABLE_OBJC_ARC = YES;
				CLANG_WARN_BOOL_CONVERSION = YES;
				CLANG_WARN_CONSTANT_CONVERSION = YES;
				CLANG_WARN_DIRECT_OBJC_ISA_USAGE = YES_ERROR;
				CLANG_WARN_DOCUMENTATION_COMMENTS = YES;
				CLANG_WARN_EMPTY_BODY = YES;
				CLANG_WARN_ENUM_CONVERSION = YES;
				CLANG_WARN_INFINITE_RECURSION = YES;
				CLANG_WARN_INT_CONVERSION = YES;
				CLANG_WARN_OBJC_ROOT_CLASS = YES_ERROR;
				CLANG_WARN_SUSPICIOUS_MOVES = YES;
				CLANG_WARN_UNREACHABLE_CODE = YES;
				CLANG_WARN__DUPLICATE_METHOD_MATCH = YES;
				"CODE_SIGN_IDENTITY[sdk=iphoneos*]" = "iPhone Developer";
				COPY_PHASE_STRIP = NO;
				DEBUG_INFORMATION_FORMAT = "dwarf-with-dsym";
				ENABLE_NS_ASSERTIONS = NO;
				ENABLE_STRICT_OBJC_MSGSEND = YES;
				GCC_C_LANGUAGE_STANDARD = gnu99;
				GCC_NO_COMMON_BLOCKS = YES;
				GCC_WARN_64_TO_32_BIT_CONVERSION = YES;
				GCC_WARN_ABOUT_RETURN_TYPE = YES_ERROR;
				GCC_WARN_UNDECLARED_SELECTOR = YES;
				GCC_WARN_UNINITIALIZED_AUTOS = YES_AGGRESSIVE;
				GCC_WARN_UNUSED_FUNCTION = YES;
				GCC_WARN_UNUSED_VARIABLE = YES;
				IPHONEOS_DEPLOYMENT_TARGET = 10.1;
				MTL_ENABLE_DEBUG_INFO = NO;
				SDKROOT = iphoneos;
				TARGETED_DEVICE_FAMILY = "1,2";
				VALIDATE_PRODUCT = YES;
			};
			name = Release;
		};
		561D72361DC6DF6F00380CD6 /* Debug */ = {
			isa = XCBuildConfiguration;
			buildSettings = {
				ASSETCATALOG_COMPILER_APPICON_NAME = AppIcon;
				DEVELOPMENT_TEAM = 46FJ5HKR96;
				INFOPLIST_FILE = "iOS RunTime解析/Info.plist";
				IPHONEOS_DEPLOYMENT_TARGET = 8.0;
				LD_RUNPATH_SEARCH_PATHS = "$(inherited) @executable_path/Frameworks";
				PRODUCT_BUNDLE_IDENTIFIER = "com.yangqian.iOS-RunTime--";
				PRODUCT_NAME = "$(TARGET_NAME)";
			};
			name = Debug;
		};
		561D72371DC6DF6F00380CD6 /* Release */ = {
			isa = XCBuildConfiguration;
			buildSettings = {
				ASSETCATALOG_COMPILER_APPICON_NAME = AppIcon;
				DEVELOPMENT_TEAM = 46FJ5HKR96;
				INFOPLIST_FILE = "iOS RunTime解析/Info.plist";
				IPHONEOS_DEPLOYMENT_TARGET = 8.0;
				LD_RUNPATH_SEARCH_PATHS = "$(inherited) @executable_path/Frameworks";
				PRODUCT_BUNDLE_IDENTIFIER = "com.yangqian.iOS-RunTime--";
				PRODUCT_NAME = "$(TARGET_NAME)";
			};
			name = Release;
		};
		561D72391DC6DF6F00380CD6 /* Debug */ = {
			isa = XCBuildConfiguration;
			buildSettings = {
				BUNDLE_LOADER = "$(TEST_HOST)";
				DEVELOPMENT_TEAM = 46FJ5HKR96;
				INFOPLIST_FILE = "iOS RunTime解析Tests/Info.plist";
				LD_RUNPATH_SEARCH_PATHS = "$(inherited) @executable_path/Frameworks @loader_path/Frameworks";
				PRODUCT_BUNDLE_IDENTIFIER = "com.yangqian.iOS-RunTime--Tests";
				PRODUCT_NAME = "$(TARGET_NAME)";
				TEST_HOST = "$(BUILT_PRODUCTS_DIR)/iOS RunTime解析.app/iOS RunTime解析";
			};
			name = Debug;
		};
		561D723A1DC6DF6F00380CD6 /* Release */ = {
			isa = XCBuildConfiguration;
			buildSettings = {
				BUNDLE_LOADER = "$(TEST_HOST)";
				DEVELOPMENT_TEAM = 46FJ5HKR96;
				INFOPLIST_FILE = "iOS RunTime解析Tests/Info.plist";
				LD_RUNPATH_SEARCH_PATHS = "$(inherited) @executable_path/Frameworks @loader_path/Frameworks";
				PRODUCT_BUNDLE_IDENTIFIER = "com.yangqian.iOS-RunTime--Tests";
				PRODUCT_NAME = "$(TARGET_NAME)";
				TEST_HOST = "$(BUILT_PRODUCTS_DIR)/iOS RunTime解析.app/iOS RunTime解析";
			};
			name = Release;
		};
		561D723C1DC6DF6F00380CD6 /* Debug */ = {
			isa = XCBuildConfiguration;
			buildSettings = {
				DEVELOPMENT_TEAM = 46FJ5HKR96;
				INFOPLIST_FILE = "iOS RunTime解析UITests/Info.plist";
				LD_RUNPATH_SEARCH_PATHS = "$(inherited) @executable_path/Frameworks @loader_path/Frameworks";
				PRODUCT_BUNDLE_IDENTIFIER = "com.yangqian.iOS-RunTime--UITests";
				PRODUCT_NAME = "$(TARGET_NAME)";
				TEST_TARGET_NAME = "iOS RunTime解析";
			};
			name = Debug;
		};
		561D723D1DC6DF6F00380CD6 /* Release */ = {
			isa = XCBuildConfiguration;
			buildSettings = {
				DEVELOPMENT_TEAM = 46FJ5HKR96;
				INFOPLIST_FILE = "iOS RunTime解析UITests/Info.plist";
				LD_RUNPATH_SEARCH_PATHS = "$(inherited) @executable_path/Frameworks @loader_path/Frameworks";
				PRODUCT_BUNDLE_IDENTIFIER = "com.yangqian.iOS-RunTime--UITests";
				PRODUCT_NAME = "$(TARGET_NAME)";
				TEST_TARGET_NAME = "iOS RunTime解析";
			};
			name = Release;
		};
/* End XCBuildConfiguration section */

/* Begin XCConfigurationList section */
		561D72031DC6DF6F00380CD6 /* Build configuration list for PBXProject "iOS RunTime解析" */ = {
			isa = XCConfigurationList;
			buildConfigurations = (
				561D72331DC6DF6F00380CD6 /* Debug */,
				561D72341DC6DF6F00380CD6 /* Release */,
			);
			defaultConfigurationIsVisible = 0;
			defaultConfigurationName = Release;
		};
		561D72351DC6DF6F00380CD6 /* Build configuration list for PBXNativeTarget "iOS RunTime解析" */ = {
			isa = XCConfigurationList;
			buildConfigurations = (
				561D72361DC6DF6F00380CD6 /* Debug */,
				561D72371DC6DF6F00380CD6 /* Release */,
			);
			defaultConfigurationIsVisible = 0;
		};
		561D72381DC6DF6F00380CD6 /* Build configuration list for PBXNativeTarget "iOS RunTime解析Tests" */ = {
			isa = XCConfigurationList;
			buildConfigurations = (
				561D72391DC6DF6F00380CD6 /* Debug */,
				561D723A1DC6DF6F00380CD6 /* Release */,
			);
			defaultConfigurationIsVisible = 0;
		};
		561D723B1DC6DF6F00380CD6 /* Build configuration list for PBXNativeTarget "iOS RunTime解析UITests" */ = {
			isa = XCConfigurationList;
			buildConfigurations = (
				561D723C1DC6DF6F00380CD6 /* Debug */,
				561D723D1DC6DF6F00380CD6 /* Release */,
			);
			defaultConfigurationIsVisible = 0;
		};
/* End XCConfigurationList section */
	};
	rootObject = 561D72001DC6DF6F00380CD6 /* Project object */;
}
