// !$*UTF8*$!
{
	archiveVersion = 1;
	classes = {
	};
	objectVersion = 46;
	objects = {

/* Begin PBXBuildFile section */
		569138DA1E027175003B8CE2 /* main.m in Sources */ = {isa = PBXBuildFile; fileRef = 569138D91E027175003B8CE2 /* main.m */; };
		569138DD1E027175003B8CE2 /* AppDelegate.m in Sources */ = {isa = PBXBuildFile; fileRef = 569138DC1E027175003B8CE2 /* AppDelegate.m */; };
		569138E01E027175003B8CE2 /* ViewController.m in Sources */ = {isa = PBXBuildFile; fileRef = 569138DF1E027175003B8CE2 /* ViewController.m */; };
		569138E31E027175003B8CE2 /* Main.storyboard in Resources */ = {isa = PBXBuildFile; fileRef = 569138E11E027175003B8CE2 /* Main.storyboard */; };
		569138E51E027175003B8CE2 /* Assets.xcassets in Resources */ = {isa = PBXBuildFile; fileRef = 569138E41E027175003B8CE2 /* Assets.xcassets */; };
		569138E81E027175003B8CE2 /* LaunchScreen.storyboard in Resources */ = {isa = PBXBuildFile; fileRef = 569138E61E027175003B8CE2 /* LaunchScreen.storyboard */; };
/* End PBXBuildFile section */

/* Begin PBXFileReference section */
		569138D51E027175003B8CE2 /* dasdsa.app */ = {isa = PBXFileReference; explicitFileType = wrapper.application; includeInIndex = 0; path = dasdsa.app; sourceTree = BUILT_PRODUCTS_DIR; };
		569138D91E027175003B8CE2 /* main.m */ = {isa = PBXFileReference; lastKnownFileType = sourcecode.c.objc; path = main.m; sourceTree = "<group>"; };
		569138DB1E027175003B8CE2 /* AppDelegate.h */ = {isa = PBXFileReference; lastKnownFileType = sourcecode.c.h; path = AppDelegate.h; sourceTree = "<group>"; };
		569138DC1E027175003B8CE2 /* AppDelegate.m */ = {isa = PBXFileReference; lastKnownFileType = sourcecode.c.objc; path = AppDelegate.m; sourceTree = "<group>"; };
		569138DE1E027175003B8CE2 /* ViewController.h */ = {isa = PBXFileReference; lastKnownFileType = sourcecode.c.h; path = ViewController.h; sourceTree = "<group>"; };
		569138DF1E027175003B8CE2 /* ViewController.m */ = {isa = PBXFileReference; lastKnownFileType = sourcecode.c.objc; path = ViewController.m; sourceTree = "<group>"; };
		569138E21E027175003B8CE2 /* Base */ = {isa = PBXFileReference; lastKnownFileType = file.storyboard; name = Base; path = Base.lproj/Main.storyboard; sourceTree = "<group>"; };
		569138E41E027175003B8CE2 /* Assets.xcassets */ = {isa = PBXFileReference; lastKnownFileType = folder.assetcatalog; path = Assets.xcassets; sourceTree = "<group>"; };
		569138E71E027175003B8CE2 /* Base */ = {isa = PBXFileReference; lastKnownFileType = file.storyboard; name = Base; path = Base.lproj/LaunchScreen.storyboard; sourceTree = "<group>"; };
		569138E91E027175003B8CE2 /* Info.plist */ = {isa = PBXFileReference; lastKnownFileType = text.plist.xml; path = Info.plist; sourceTree = "<group>"; };
/* End PBXFileReference section */

/* Begin PBXFrameworksBuildPhase section */
		569138D21E027175003B8CE2 /* Frameworks */ = {
			isa = PBXFrameworksBuildPhase;
			buildActionMask = 2147483647;
			files = (
			);
			runOnlyForDeploymentPostprocessing = 0;
		};
/* End PBXFrameworksBuildPhase section */

/* Begin PBXGroup section */
		569138CC1E027175003B8CE2 = {
			isa = PBXGroup;
			children = (
				569138D71E027175003B8CE2 /* dasdsa */,
				569138D61E027175003B8CE2 /* Products */,
			);
			sourceTree = "<group>";
		};
		569138D61E027175003B8CE2 /* Products */ = {
			isa = PBXGroup;
			children = (
				569138D51E027175003B8CE2 /* dasdsa.app */,
			);
			name = Products;
			sourceTree = "<group>";
		};
		569138D71E027175003B8CE2 /* dasdsa */ = {
			isa = PBXGroup;
			children = (
				569138DB1E027175003B8CE2 /* AppDelegate.h */,
				569138DC1E027175003B8CE2 /* AppDelegate.m */,
				569138DE1E027175003B8CE2 /* ViewController.h */,
				569138DF1E027175003B8CE2 /* ViewController.m */,
				569138E11E027175003B8CE2 /* Main.storyboard */,
				569138E41E027175003B8CE2 /* Assets.xcassets */,
				569138E61E027175003B8CE2 /* LaunchScreen.storyboard */,
				569138E91E027175003B8CE2 /* Info.plist */,
				569138D81E027175003B8CE2 /* Supporting Files */,
			);
			path = dasdsa;
			sourceTree = "<group>";
		};
		569138D81E027175003B8CE2 /* Supporting Files */ = {
			isa = PBXGroup;
			children = (
				569138D91E027175003B8CE2 /* main.m */,
			);
			name = "Supporting Files";
			sourceTree = "<group>";
		};
/* End PBXGroup section */

/* Begin PBXNativeTarget section */
		569138D41E027175003B8CE2 /* dasdsa */ = {
			isa = PBXNativeTarget;
			buildConfigurationList = 569138EC1E027175003B8CE2 /* Build configuration list for PBXNativeTarget "dasdsa" */;
			buildPhases = (
				569138D11E027175003B8CE2 /* Sources */,
				569138D21E027175003B8CE2 /* Frameworks */,
				569138D31E027175003B8CE2 /* Resources */,
			);
			buildRules = (
			);
			dependencies = (
			);
			name = dasdsa;
			productName = dasdsa;
			productReference = 569138D51E027175003B8CE2 /* dasdsa.app */;
			productType = "com.apple.product-type.application";
		};
/* End PBXNativeTarget section */

/* Begin PBXProject section */
		569138CD1E027175003B8CE2 /* Project object */ = {
			isa = PBXProject;
			attributes = {
				LastUpgradeCheck = 0820;
				ORGANIZATIONNAME = "羊谦";
				TargetAttributes = {
					569138D41E027175003B8CE2 = {
						CreatedOnToolsVersion = 8.2;
						DevelopmentTeam = 46FJ5HKR96;
						ProvisioningStyle = Automatic;
					};
				};
			};
			buildConfigurationList = 569138D01E027175003B8CE2 /* Build configuration list for PBXProject "dasdsa" */;
			compatibilityVersion = "Xcode 3.2";
			developmentRegion = English;
			hasScannedForEncodings = 0;
			knownRegions = (
				en,
				Base,
			);
			mainGroup = 569138CC1E027175003B8CE2;
			productRefGroup = 569138D61E027175003B8CE2 /* Products */;
			projectDirPath = "";
			projectRoot = "";
			targets = (
				569138D41E027175003B8CE2 /* dasdsa */,
			);
		};
/* End PBXProject section */

/* Begin PBXResourcesBuildPhase section */
		569138D31E027175003B8CE2 /* Resources */ = {
			isa = PBXResourcesBuildPhase;
			buildActionMask = 2147483647;
			files = (
				569138E81E027175003B8CE2 /* LaunchScreen.storyboard in Resources */,
				569138E51E027175003B8CE2 /* Assets.xcassets in Resources */,
				569138E31E027175003B8CE2 /* Main.storyboard in Resources */,
			);
			runOnlyForDeploymentPostprocessing = 0;
		};
/* End PBXResourcesBuildPhase section */

/* Begin PBXSourcesBuildPhase section */
		569138D11E027175003B8CE2 /* Sources */ = {
			isa = PBXSourcesBuildPhase;
			buildActionMask = 2147483647;
			files = (
				569138E01E027175003B8CE2 /* ViewController.m in Sources */,
				569138DD1E027175003B8CE2 /* AppDelegate.m in Sources */,
				569138DA1E027175003B8CE2 /* main.m in Sources */,
			);
			runOnlyForDeploymentPostprocessing = 0;
		};
/* End PBXSourcesBuildPhase section */

/* Begin PBXVariantGroup section */
		569138E11E027175003B8CE2 /* Main.storyboard */ = {
			isa = PBXVariantGroup;
			children = (
				569138E21E027175003B8CE2 /* Base */,
			);
			name = Main.storyboard;
			sourceTree = "<group>";
		};
		569138E61E027175003B8CE2 /* LaunchScreen.storyboard */ = {
			isa = PBXVariantGroup;
			children = (
				569138E71E027175003B8CE2 /* Base */,
			);
			name = LaunchScreen.storyboard;
			sourceTree = "<group>";
		};
/* End PBXVariantGroup section */

/* Begin XCBuildConfiguration section */
		569138EA1E027175003B8CE2 /* Debug */ = {
			isa = XCBuildConfiguration;
			buildSettings = {
				ALWAYS_SEARCH_USER_PATHS = NO;
				CLANG_ANALYZER_NONNULL = YES;
				CLANG_CXX_LANGUAGE_STANDARD = "gnu++0x";
				CLANG_CXX_LIBRARY = "libc++";
				CLANG_ENABLE_MODULES = YES;
				CLANG_ENABLE_OBJC_ARC = YES;
				CLANG_WARN_BOOL_CONVERSION = YES;
				CLANG_WARN_CONSTANT_CONVERSION = YES;
				CLANG_WARN_DIRECT_OBJC_ISA_USAGE = YES_ERROR;
				CLANG_WARN_DOCUMENTATION_COMMENTS = YES;
				CLANG_WARN_EMPTY_BODY = YES;
				CLANG_WARN_ENUM_CONVERSION = YES;
				CLANG_WARN_INFINITE_RECURSION = YES;
				CLANG_WARN_INT_CONVERSION = YES;
				CLANG_WARN_OBJC_ROOT_CLASS = YES_ERROR;
				CLANG_WARN_SUSPICIOUS_MOVE = YES;
				CLANG_WARN_UNREACHABLE_CODE = YES;
				CLANG_WARN__DUPLICATE_METHOD_MATCH = YES;
				"CODE_SIGN_IDENTITY[sdk=iphoneos*]" = "iPhone Developer";
				COPY_PHASE_STRIP = NO;
				DEBUG_INFORMATION_FORMAT = dwarf;
				ENABLE_STRICT_OBJC_MSGSEND = YES;
				ENABLE_TESTABILITY = YES;
				GCC_C_LANGUAGE_STANDARD = gnu99;
				GCC_DYNAMIC_NO_PIC = NO;
				GCC_NO_COMMON_BLOCKS = YES;
				GCC_OPTIMIZATION_LEVEL = 0;
				GCC_PREPROCESSOR_DEFINITIONS = (
					"DEBUG=1",
					"$(inherited)",
				);
				GCC_WARN_64_TO_32_BIT_CONVERSION = YES;
				GCC_WARN_ABOUT_RETURN_TYPE = YES_ERROR;
				GCC_WARN_UNDECLARED_SELECTOR = YES;
				GCC_WARN_UNINITIALIZED_AUTOS = YES_AGGRESSIVE;
				GCC_WARN_UNUSED_FUNCTION = YES;
				GCC_WARN_UNUSED_VARIABLE = YES;
				IPHONEOS_DEPLOYMENT_TARGET = 10.2;
				MTL_ENABLE_DEBUG_INFO = YES;
				ONLY_ACTIVE_ARCH = YES;
				SDKROOT = iphoneos;
				TARGETED_DEVICE_FAMILY = "1,2";
			};
			name = Debug;
		};
		569138EB1E027175003B8CE2 /* Release */ = {
			isa = XCBuildConfiguration;
			buildSettings = {
				ALWAYS_SEARCH_USER_PATHS = NO;
				CLANG_ANALYZER_NONNULL = YES;
				CLANG_CXX_LANGUAGE_STANDARD = "gnu++0x";
				CLANG_CXX_LIBRARY = "libc++";
				CLANG_ENABLE_MODULES = YES;
				CLANG_ENABLE_OBJC_ARC = YES;
				CLANG_WARN_BOOL_CONVERSION = YES;
				CLANG_WARN_CONSTANT_CONVERSION = YES;
				CLANG_WARN_DIRECT_OBJC_ISA_USAGE = YES_ERROR;
				CLANG_WARN_DOCUMENTATION_COMMENTS = YES;
				CLANG_WARN_EMPTY_BODY = YES;
				CLANG_WARN_ENUM_CONVERSION = YES;
				CLANG_WARN_INFINITE_RECURSION = YES;
				CLANG_WARN_INT_CONVERSION = YES;
				CLANG_WARN_OBJC_ROOT_CLASS = YES_ERROR;
				CLANG_WARN_SUSPICIOUS_MOVE = YES;
				CLANG_WARN_UNREACHABLE_CODE = YES;
				CLANG_WARN__DUPLICATE_METHOD_MATCH = YES;
				"CODE_SIGN_IDENTITY[sdk=iphoneos*]" = "iPhone Developer";
				COPY_PHASE_STRIP = NO;
				DEBUG_INFORMATION_FORMAT = "dwarf-with-dsym";
				ENABLE_NS_ASSERTIONS = NO;
				ENABLE_STRICT_OBJC_MSGSEND = YES;
				GCC_C_LANGUAGE_STANDARD = gnu99;
				GCC_NO_COMMON_BLOCKS = YES;
				GCC_WARN_64_TO_32_BIT_CONVERSION = YES;
				GCC_WARN_ABOUT_RETURN_TYPE = YES_ERROR;
				GCC_WARN_UNDECLARED_SELECTOR = YES;
				GCC_WARN_UNINITIALIZED_AUTOS = YES_AGGRESSIVE;
				GCC_WARN_UNUSED_FUNCTION = YES;
				GCC_WARN_UNUSED_VARIABLE = YES;
				IPHONEOS_DEPLOYMENT_TARGET = 10.2;
				MTL_ENABLE_DEBUG_INFO = NO;
				SDKROOT = iphoneos;
				TARGETED_DEVICE_FAMILY = "1,2";
				VALIDATE_PRODUCT = YES;
			};
			name = Release;
		};
		569138ED1E027175003B8CE2 /* Debug */ = {
			isa = XCBuildConfiguration;
			buildSettings = {
				ASSETCATALOG_COMPILER_APPICON_NAME = AppIcon;
				DEVELOPMENT_TEAM = 46FJ5HKR96;
				INFOPLIST_FILE = dasdsa/Info.plist;
				LD_RUNPATH_SEARCH_PATHS = "$(inherited) @executable_path/Frameworks";
				PRODUCT_BUNDLE_IDENTIFIER = com.netease.na.dasdsa;
				PRODUCT_NAME = "$(TARGET_NAME)";
			};
			name = Debug;
		};
		569138EE1E027175003B8CE2 /* Release */ = {
			isa = XCBuildConfiguration;
			buildSettings = {
				ASSETCATALOG_COMPILER_APPICON_NAME = AppIcon;
				DEVELOPMENT_TEAM = 46FJ5HKR96;
				INFOPLIST_FILE = dasdsa/Info.plist;
				LD_RUNPATH_SEARCH_PATHS = "$(inherited) @executable_path/Frameworks";
				PRODUCT_BUNDLE_IDENTIFIER = com.netease.na.dasdsa;
				PRODUCT_NAME = "$(TARGET_NAME)";
			};
			name = Release;
		};
/* End XCBuildConfiguration section */

/* Begin XCConfigurationList section */
		569138D01E027175003B8CE2 /* Build configuration list for PBXProject "dasdsa" */ = {
			isa = XCConfigurationList;
			buildConfigurations = (
				569138EA1E027175003B8CE2 /* Debug */,
				569138EB1E027175003B8CE2 /* Release */,
			);
			defaultConfigurationIsVisible = 0;
			defaultConfigurationName = Release;
		};
		569138EC1E027175003B8CE2 /* Build configuration list for PBXNativeTarget "dasdsa" */ = {
			isa = XCConfigurationList;
			buildConfigurations = (
				569138ED1E027175003B8CE2 /* Debug */,
				569138EE1E027175003B8CE2 /* Release */,
			);
			defaultConfigurationIsVisible = 0;
		};
/* End XCConfigurationList section */
	};
	rootObject = 569138CD1E027175003B8CE2 /* Project object */;
}
